
Microsoft Visual Studio Solution File, Format Version 12.00
# Visual Studio Version 17
VisualStudioVersion = 17.3.32922.545
MinimumVisualStudioVersion = 10.0.40219.1
Project("{FAE04EC0-301F-11D3-BF4B-00C04F79EFBC}") = "MinimalApiTutorial", "MinimalApiTutorial\MinimalApiTutorial.csproj", "{91DBF833-4E4C-4AA8-859F-CFE34F0C61D5}"
EndProject
Global
	GlobalSection(SolutionConfigurationPlatforms) = preSolution
		Debug|Any CPU = Debug|Any CPU
		Release|Any CPU = Release|Any CPU
	EndGlobalSection
	GlobalSection(ProjectConfigurationPlatforms) = postSolution
		{91DBF833-4E4C-4AA8-859F-CFE34F0C61D5}.Debug|Any CPU.ActiveCfg = Debug|Any CPU
		{91DBF833-4E4C-4AA8-859F-CFE34F0C61D5}.Debug|Any CPU.Build.0 = Debug|Any CPU
		{91DBF833-4E4C-4AA8-859F-CFE34F0C61D5}.Release|Any CPU.ActiveCfg = Release|Any CPU
		{91DBF833-4E4C-4AA8-859F-CFE34F0C61D5}.Release|Any CPU.Build.0 = Release|Any CPU
	EndGlobalSection
	GlobalSection(SolutionProperties) = preSolution
		HideSolutionNode = FALSE
	EndGlobalSection
	GlobalSection(ExtensibilityGlobals) = postSolution
		SolutionGuid = {8C074546-0283-48F1-820B-99C3E93FBF8F}
	EndGlobalSection
EndGlobal
